{
  "name": "bittorrent-client",
  "version": "1.0.0",
  "lockfileVersion": 3,
  "requires": true,
  "packages": {
    "": {
      "name": "bittorrent-client",
      "version": "1.0.0",
      "license": "ISC",
      "devDependencies": {
        "@thi.ng/bencode": "^3.0.10",
        "@types/node": "^22.13.10",
        "typescript": "^5.8.2"
      }
    },
    "node_modules/@thi.ng/api": {
      "version": "8.11.22",
      "resolved": "https://registry.npmjs.org/@thi.ng/api/-/api-8.11.22.tgz",
      "integrity": "sha512-SbgnYcuyIKvJF+bdpFNZJxggYa6wBt7xh4OjWZwvmbZvibrjvk4xwLaJ8vm/bJoBYK/Oe631CApssa6kumZeNg==",
      "dev": true,
      "funding": [
        {
          "type": "github",
          "url": "https://github.com/sponsors/postspectacular"
        },
        {
          "type": "patreon",
          "url": "https://patreon.com/thing_umbrella"
        },
        {
          "type": "liberapay",
          "url": "https://liberapay.com/thi.ng"
        }
      ],
      "license": "Apache-2.0",
      "engines": {
        "node": ">=18"
      }
    },
    "node_modules/@thi.ng/arrays": {
      "version": "2.10.19",
      "resolved": "https://registry.npmjs.org/@thi.ng/arrays/-/arrays-2.10.19.tgz",
      "integrity": "sha512-wC1Jkvej8zDfSXZmIGp6qMg452mjt4BExMWSaVqaLbMKYszGLgMHJAa8PTUfHrK5A2wQXn35uZwpVbWd+jeubA==",
      "dev": true,
      "funding": [
        {
          "type": "github",
          "url": "https://github.com/sponsors/postspectacular"
        },
        {
          "type": "patreon",
          "url": "https://patreon.com/thing_umbrella"
        },
        {
          "type": "liberapay",
          "url": "https://liberapay.com/thi.ng"
        }
      ],
      "license": "Apache-2.0",
      "dependencies": {
        "@thi.ng/api": "^8.11.22",
        "@thi.ng/checks": "^3.7.2",
        "@thi.ng/compare": "^2.4.14",
        "@thi.ng/equiv": "^2.1.78",
        "@thi.ng/errors": "^2.5.28",
        "@thi.ng/random": "^4.1.13"
      },
      "engines": {
        "node": ">=18"
      }
    },
    "node_modules/@thi.ng/bencode": {
      "version": "3.0.10",
      "resolved": "https://registry.npmjs.org/@thi.ng/bencode/-/bencode-3.0.10.tgz",
      "integrity": "sha512-U82/nm1MjefgoQnEJDprOXlw1vaepe+R44Ro0tJVnG6M526QlEyS252OVFxSZHPKWR4tkcQ3scLMgU2zytC99A==",
      "dev": true,
      "funding": [
        {
          "type": "github",
          "url": "https://github.com/sponsors/postspectacular"
        },
        {
          "type": "patreon",
          "url": "https://patreon.com/thing_umbrella"
        },
        {
          "type": "liberapay",
          "url": "https://liberapay.com/thi.ng"
        }
      ],
      "license": "Apache-2.0",
      "dependencies": {
        "@thi.ng/api": "^8.11.22",
        "@thi.ng/arrays": "^2.10.19",
        "@thi.ng/checks": "^3.7.2",
        "@thi.ng/errors": "^2.5.28",
        "@thi.ng/strings": "^3.9.7",
        "@thi.ng/transducers": "^9.2.22",
        "@thi.ng/transducers-binary": "^2.1.157"
      },
      "engines": {
        "node": ">=18"
      }
    },
    "node_modules/@thi.ng/binary": {
      "version": "3.4.45",
      "resolved": "https://registry.npmjs.org/@thi.ng/binary/-/binary-3.4.45.tgz",
      "integrity": "sha512-VsLh3/zVWk+lquCDw90kIhZdS+VqBeSQyK29KVW66rQ7JAGn1glDhJuaqrucK/NEGnXmqxJfZqJdcEEJsn7M/Q==",
      "dev": true,
      "funding": [
        {
          "type": "github",
          "url": "https://github.com/sponsors/postspectacular"
        },
        {
          "type": "patreon",
          "url": "https://patreon.com/thing_umbrella"
        },
        {
          "type": "liberapay",
          "url": "https://liberapay.com/thi.ng"
        }
      ],
      "license": "Apache-2.0",
      "dependencies": {
        "@thi.ng/api": "^8.11.22"
      },
      "engines": {
        "node": ">=18"
      }
    },
    "node_modules/@thi.ng/checks": {
      "version": "3.7.2",
      "resolved": "https://registry.npmjs.org/@thi.ng/checks/-/checks-3.7.2.tgz",
      "integrity": "sha512-FGFHQrLOUKxLoNQfaoVKW8xBhFNaxtV0QqREbxYgnpCg8WgX5O8dU/T212bVTOMe0GSzqCkjEs3/BmPb4lxW5Q==",
      "dev": true,
      "funding": [
        {
          "type": "github",
          "url": "https://github.com/sponsors/postspectacular"
        },
        {
          "type": "patreon",
          "url": "https://patreon.com/thing_umbrella"
        },
        {
          "type": "liberapay",
          "url": "https://liberapay.com/thi.ng"
        }
      ],
      "license": "Apache-2.0",
      "dependencies": {
        "tslib": "^2.8.1"
      },
      "engines": {
        "node": ">=18"
      }
    },
    "node_modules/@thi.ng/compare": {
      "version": "2.4.14",
      "resolved": "https://registry.npmjs.org/@thi.ng/compare/-/compare-2.4.14.tgz",
      "integrity": "sha512-w/Bu2kNWVM94/BYYTB7QdNrd8UEKz/Wfv6w6ZZjdTGJ/69MrT+8m6jqnCeloD+WjkQ3vsfexLhRUmOft+fTrzQ==",
      "dev": true,
      "funding": [
        {
          "type": "github",
          "url": "https://github.com/sponsors/postspectacular"
        },
        {
          "type": "patreon",
          "url": "https://patreon.com/thing_umbrella"
        },
        {
          "type": "liberapay",
          "url": "https://liberapay.com/thi.ng"
        }
      ],
      "license": "Apache-2.0",
      "dependencies": {
        "@thi.ng/api": "^8.11.22"
      },
      "engines": {
        "node": ">=18"
      }
    },
    "node_modules/@thi.ng/compose": {
      "version": "3.0.25",
      "resolved": "https://registry.npmjs.org/@thi.ng/compose/-/compose-3.0.25.tgz",
      "integrity": "sha512-PAni1jk2b444GwGM+GLs++xeuOZ3OzJ6bVW+xr2D6iutLuqHsySFN2v44yTaWSVf1jxP0yqHla8en84b5ko92A==",
      "dev": true,
      "funding": [
        {
          "type": "github",
          "url": "https://github.com/sponsors/postspectacular"
        },
        {
          "type": "patreon",
          "url": "https://patreon.com/thing_umbrella"
        },
        {
          "type": "liberapay",
          "url": "https://liberapay.com/thi.ng"
        }
      ],
      "license": "Apache-2.0",
      "dependencies": {
        "@thi.ng/api": "^8.11.22",
        "@thi.ng/errors": "^2.5.28"
      },
      "engines": {
        "node": ">=18"
      }
    },
    "node_modules/@thi.ng/equiv": {
      "version": "2.1.78",
      "resolved": "https://registry.npmjs.org/@thi.ng/equiv/-/equiv-2.1.78.tgz",
      "integrity": "sha512-dEyGSzf/62Fv9X9swfqFfsB2/zWOQK+ItlwIarUXWxijYUIw0smCca4oix+eWs4/2QnESV1p0I1Jp66d8Psydg==",
      "dev": true,
      "funding": [
        {
          "type": "github",
          "url": "https://github.com/sponsors/postspectacular"
        },
        {
          "type": "patreon",
          "url": "https://patreon.com/thing_umbrella"
        },
        {
          "type": "liberapay",
          "url": "https://liberapay.com/thi.ng"
        }
      ],
      "license": "Apache-2.0",
      "engines": {
        "node": ">=18"
      }
    },
    "node_modules/@thi.ng/errors": {
      "version": "2.5.28",
      "resolved": "https://registry.npmjs.org/@thi.ng/errors/-/errors-2.5.28.tgz",
      "integrity": "sha512-ZYFe7Hq9Oh2e2mOxlTc22/btCkozb0tm0xNAKK5kOoU8BxByh2fnN/qK1rHOfx11TW6EYtMpfEMQDdjmclOwjw==",
      "dev": true,
      "funding": [
        {
          "type": "github",
          "url": "https://github.com/sponsors/postspectacular"
        },
        {
          "type": "patreon",
          "url": "https://patreon.com/thing_umbrella"
        },
        {
          "type": "liberapay",
          "url": "https://liberapay.com/thi.ng"
        }
      ],
      "license": "Apache-2.0",
      "engines": {
        "node": ">=18"
      }
    },
    "node_modules/@thi.ng/hex": {
      "version": "2.3.66",
      "resolved": "https://registry.npmjs.org/@thi.ng/hex/-/hex-2.3.66.tgz",
      "integrity": "sha512-X4YVOByqPZYjIlqdDoZOpzNGW8FF5T2yWuAP3j80RPkVsgX2BM+gQYPyY7kkDe3gzWaRJIYE2TIwFHM+0RogJw==",
      "dev": true,
      "funding": [
        {
          "type": "github",
          "url": "https://github.com/sponsors/postspectacular"
        },
        {
          "type": "patreon",
          "url": "https://patreon.com/thing_umbrella"
        },
        {
          "type": "liberapay",
          "url": "https://liberapay.com/thi.ng"
        }
      ],
      "license": "Apache-2.0",
      "engines": {
        "node": ">=18"
      }
    },
    "node_modules/@thi.ng/math": {
      "version": "5.11.22",
      "resolved": "https://registry.npmjs.org/@thi.ng/math/-/math-5.11.22.tgz",
      "integrity": "sha512-HpYCjOAZWfpiaGd4dVYrqYI8MbnOCpJWBDCUmGIienNCNnjov4iwmsHhi52kVCEIz3bDJtaEkPqB6L663wvCSw==",
      "dev": true,
      "funding": [
        {
          "type": "github",
          "url": "https://github.com/sponsors/postspectacular"
        },
        {
          "type": "patreon",
          "url": "https://patreon.com/thing_umbrella"
        },
        {
          "type": "liberapay",
          "url": "https://liberapay.com/thi.ng"
        }
      ],
      "license": "Apache-2.0",
      "dependencies": {
        "@thi.ng/api": "^8.11.22"
      },
      "engines": {
        "node": ">=18"
      }
    },
    "node_modules/@thi.ng/memoize": {
      "version": "4.0.12",
      "resolved": "https://registry.npmjs.org/@thi.ng/memoize/-/memoize-4.0.12.tgz",
      "integrity": "sha512-fVNaCojN+thuWstM+/Dz6iPOlH1MJD4yHx+pLErfkJjStAH1UGRCZt2C05qJrSDy8KJxNRfxcQivPKiJClzMCg==",
      "dev": true,
      "funding": [
        {
          "type": "github",
          "url": "https://github.com/sponsors/postspectacular"
        },
        {
          "type": "patreon",
          "url": "https://patreon.com/thing_umbrella"
        },
        {
          "type": "liberapay",
          "url": "https://liberapay.com/thi.ng"
        }
      ],
      "license": "Apache-2.0",
      "dependencies": {
        "@thi.ng/api": "^8.11.22"
      },
      "engines": {
        "node": ">=18"
      }
    },
    "node_modules/@thi.ng/random": {
      "version": "4.1.13",
      "resolved": "https://registry.npmjs.org/@thi.ng/random/-/random-4.1.13.tgz",
      "integrity": "sha512-FQXVYRLt98hItEpzLrGaG7EUuP6+bJYvXeQ65NjtC0pGf+x/DxubI8Jmqphr5EyH8odyxuDzxdnRbak+p3Dnyg==",
      "dev": true,
      "funding": [
        {
          "type": "github",
          "url": "https://github.com/sponsors/postspectacular"
        },
        {
          "type": "patreon",
          "url": "https://patreon.com/thing_umbrella"
        },
        {
          "type": "liberapay",
          "url": "https://liberapay.com/thi.ng"
        }
      ],
      "license": "Apache-2.0",
      "dependencies": {
        "@thi.ng/api": "^8.11.22",
        "@thi.ng/errors": "^2.5.28"
      },
      "engines": {
        "node": ">=18"
      }
    },
    "node_modules/@thi.ng/strings": {
      "version": "3.9.7",
      "resolved": "https://registry.npmjs.org/@thi.ng/strings/-/strings-3.9.7.tgz",
      "integrity": "sha512-J1cNbtSaYCiuTYJJE4rFHsnJIMVKKyjGLcBoGMPUTK40uiR+rwM7Rg3nIbalW7QcBfcNejAelHFzHO5aTD3u3w==",
      "dev": true,
      "funding": [
        {
          "type": "github",
          "url": "https://github.com/sponsors/postspectacular"
        },
        {
          "type": "patreon",
          "url": "https://patreon.com/thing_umbrella"
        },
        {
          "type": "liberapay",
          "url": "https://liberapay.com/thi.ng"
        }
      ],
      "license": "Apache-2.0",
      "dependencies": {
        "@thi.ng/api": "^8.11.22",
        "@thi.ng/errors": "^2.5.28",
        "@thi.ng/hex": "^2.3.66",
        "@thi.ng/memoize": "^4.0.12"
      },
      "engines": {
        "node": ">=18"
      }
    },
    "node_modules/@thi.ng/timestamp": {
      "version": "1.1.7",
      "resolved": "https://registry.npmjs.org/@thi.ng/timestamp/-/timestamp-1.1.7.tgz",
      "integrity": "sha512-puu4cA5HqBoNeRpgPgKdwDHo6YI1PoS9S/X6HiMDfWVhv6Ln4SzydduvJF7fpCEs/01xtMu/8wSpGHH1icBdaA==",
      "dev": true,
      "funding": [
        {
          "type": "github",
          "url": "https://github.com/sponsors/postspectacular"
        },
        {
          "type": "patreon",
          "url": "https://patreon.com/thing_umbrella"
        },
        {
          "type": "liberapay",
          "url": "https://liberapay.com/thi.ng"
        }
      ],
      "license": "Apache-2.0",
      "engines": {
        "node": ">=18"
      }
    },
    "node_modules/@thi.ng/transducers": {
      "version": "9.2.22",
      "resolved": "https://registry.npmjs.org/@thi.ng/transducers/-/transducers-9.2.22.tgz",
      "integrity": "sha512-CFYXYRlGsRKUZdroQkEn09HagzXhIhs73jVcJ8ld05O8L+H2Y3RPgsOEcSd/ysB1oH/2LfVuFbYkNXg/1jvlDQ==",
      "dev": true,
      "funding": [
        {
          "type": "github",
          "url": "https://github.com/sponsors/postspectacular"
        },
        {
          "type": "patreon",
          "url": "https://patreon.com/thing_umbrella"
        },
        {
          "type": "liberapay",
          "url": "https://liberapay.com/thi.ng"
        }
      ],
      "license": "Apache-2.0",
      "dependencies": {
        "@thi.ng/api": "^8.11.22",
        "@thi.ng/arrays": "^2.10.19",
        "@thi.ng/checks": "^3.7.2",
        "@thi.ng/compare": "^2.4.14",
        "@thi.ng/compose": "^3.0.25",
        "@thi.ng/errors": "^2.5.28",
        "@thi.ng/math": "^5.11.22",
        "@thi.ng/random": "^4.1.13",
        "@thi.ng/timestamp": "^1.1.7"
      },
      "engines": {
        "node": ">=18"
      }
    },
    "node_modules/@thi.ng/transducers-binary": {
      "version": "2.1.157",
      "resolved": "https://registry.npmjs.org/@thi.ng/transducers-binary/-/transducers-binary-2.1.157.tgz",
      "integrity": "sha512-MuwYFMHZfUAOgXpYRbuRl6FhhUlJzmU3a2FAk77mhVeWCCUmSU62mTaNF4kJA7jyb9w8jeBLTl9EVBuMYFqRyQ==",
      "dev": true,
      "funding": [
        {
          "type": "github",
          "url": "https://github.com/sponsors/postspectacular"
        },
        {
          "type": "patreon",
          "url": "https://patreon.com/thing_umbrella"
        },
        {
          "type": "liberapay",
          "url": "https://liberapay.com/thi.ng"
        }
      ],
      "license": "Apache-2.0",
      "dependencies": {
        "@thi.ng/binary": "^3.4.45",
        "@thi.ng/compose": "^3.0.25",
        "@thi.ng/errors": "^2.5.28",
        "@thi.ng/hex": "^2.3.66",
        "@thi.ng/random": "^4.1.13",
        "@thi.ng/strings": "^3.9.7",
        "@thi.ng/transducers": "^9.2.22"
      },
      "engines": {
        "node": ">=18"
      }
    },
    "node_modules/@types/node": {
      "version": "22.13.10",
      "resolved": "https://registry.npmjs.org/@types/node/-/node-22.13.10.tgz",
      "integrity": "sha512-I6LPUvlRH+O6VRUqYOcMudhaIdUVWfsjnZavnsraHvpBwaEyMN29ry+0UVJhImYL16xsscu0aske3yA+uPOWfw==",
      "dev": true,
      "license": "MIT",
      "dependencies": {
        "undici-types": "~6.20.0"
      }
    },
    "node_modules/tslib": {
      "version": "2.8.1",
      "resolved": "https://registry.npmjs.org/tslib/-/tslib-2.8.1.tgz",
      "integrity": "sha512-oJFu94HQb+KVduSUQL7wnpmqnfmLsOA/nAh6b6EH0wCEoK0/mPeXU6c3wKDV83MkOuHPRHtSXKKU99IBazS/2w==",
      "dev": true,
      "license": "0BSD"
    },
    "node_modules/typescript": {
      "version": "5.8.2",
      "resolved": "https://registry.npmjs.org/typescript/-/typescript-5.8.2.tgz",
      "integrity": "sha512-aJn6wq13/afZp/jT9QZmwEjDqqvSGp1VT5GVg+f/t6/oVyrgXM6BY1h9BRh/O5p3PlUPAe+WuiEZOmb/49RqoQ==",
      "dev": true,
      "license": "Apache-2.0",
      "bin": {
        "tsc": "bin/tsc",
        "tsserver": "bin/tsserver"
      },
      "engines": {
        "node": ">=14.17"
      }
    },
    "node_modules/undici-types": {
      "version": "6.20.0",
      "resolved": "https://registry.npmjs.org/undici-types/-/undici-types-6.20.0.tgz",
      "integrity": "sha512-Ny6QZ2Nju20vw1SRHe3d9jVu6gJ+4e3+MMpqu7pqE5HT6WsTSlce++GQmK5UXS8mzV8DSYHrQH+Xrf2jVcuKNg==",
      "dev": true,
      "license": "MIT"
    }
  }
}
